// !$*UTF8*$!
{
	archiveVersion = 1;
	classes = {
	};
	objectVersion = 56;
	objects = {

/* Begin PBXBuildFile section */
		2C8972D629254AEA00E6F2A3 /* AppDelegate.swift in Sources */ = {isa = PBXBuildFile; fileRef = 2C8972D529254AEA00E6F2A3 /* AppDelegate.swift */; };
		2C8972D829254AEA00E6F2A3 /* SceneDelegate.swift in Sources */ = {isa = PBXBuildFile; fileRef = 2C8972D729254AEA00E6F2A3 /* SceneDelegate.swift */; };
		2C8972DA29254AEA00E6F2A3 /* ViewController.swift in Sources */ = {isa = PBXBuildFile; fileRef = 2C8972D929254AEA00E6F2A3 /* ViewController.swift */; };
		2C8972DD29254AEA00E6F2A3 /* Main.storyboard in Resources */ = {isa = PBXBuildFile; fileRef = 2C8972DB29254AEA00E6F2A3 /* Main.storyboard */; };
		2C8972E229254AEB00E6F2A3 /* Assets.xcassets in Resources */ = {isa = PBXBuildFile; fileRef = 2C8972E129254AEB00E6F2A3 /* Assets.xcassets */; };
		2C8972E529254AEB00E6F2A3 /* LaunchScreen.storyboard in Resources */ = {isa = PBXBuildFile; fileRef = 2C8972E329254AEB00E6F2A3 /* LaunchScreen.storyboard */; };
		2C8972ED29254D0A00E6F2A3 /* CatAdapter.swift in Sources */ = {isa = PBXBuildFile; fileRef = 2C8972EC29254D0A00E6F2A3 /* CatAdapter.swift */; };
		2C8972EF29254E5800E6F2A3 /* CatCell.swift in Sources */ = {isa = PBXBuildFile; fileRef = 2C8972EE29254E5800E6F2A3 /* CatCell.swift */; };
		2C8972F129254EBF00E6F2A3 /* CatCell.xib in Resources */ = {isa = PBXBuildFile; fileRef = 2C8972F029254EBF00E6F2A3 /* CatCell.xib */; };
		2C8972F329254FE100E6F2A3 /* Collection+Extension.swift in Sources */ = {isa = PBXBuildFile; fileRef = 2C8972F229254FE100E6F2A3 /* Collection+Extension.swift */; };
		2C8972F5292552E700E6F2A3 /* CatModel.swift in Sources */ = {isa = PBXBuildFile; fileRef = 2C8972F4292552E700E6F2A3 /* CatModel.swift */; };
/* End PBXBuildFile section */

/* Begin PBXFileReference section */
		2C8972D229254AEA00E6F2A3 /* DZ19.app */ = {isa = PBXFileReference; explicitFileType = wrapper.application; includeInIndex = 0; path = DZ19.app; sourceTree = BUILT_PRODUCTS_DIR; };
		2C8972D529254AEA00E6F2A3 /* AppDelegate.swift */ = {isa = PBXFileReference; lastKnownFileType = sourcecode.swift; path = AppDelegate.swift; sourceTree = "<group>"; };
		2C8972D729254AEA00E6F2A3 /* SceneDelegate.swift */ = {isa = PBXFileReference; lastKnownFileType = sourcecode.swift; path = SceneDelegate.swift; sourceTree = "<group>"; };
		2C8972D929254AEA00E6F2A3 /* ViewController.swift */ = {isa = PBXFileReference; lastKnownFileType = sourcecode.swift; path = ViewController.swift; sourceTree = "<group>"; };
		2C8972DC29254AEA00E6F2A3 /* Base */ = {isa = PBXFileReference; lastKnownFileType = file.storyboard; name = Base; path = Base.lproj/Main.storyboard; sourceTree = "<group>"; };
		2C8972E129254AEB00E6F2A3 /* Assets.xcassets */ = {isa = PBXFileReference; lastKnownFileType = folder.assetcatalog; path = Assets.xcassets; sourceTree = "<group>"; };
		2C8972E429254AEB00E6F2A3 /* Base */ = {isa = PBXFileReference; lastKnownFileType = file.storyboard; name = Base; path = Base.lproj/LaunchScreen.storyboard; sourceTree = "<group>"; };
		2C8972E629254AEB00E6F2A3 /* Info.plist */ = {isa = PBXFileReference; lastKnownFileType = text.plist.xml; path = Info.plist; sourceTree = "<group>"; };
		2C8972EC29254D0A00E6F2A3 /* CatAdapter.swift */ = {isa = PBXFileReference; lastKnownFileType = sourcecode.swift; path = CatAdapter.swift; sourceTree = "<group>"; };
		2C8972EE29254E5800E6F2A3 /* CatCell.swift */ = {isa = PBXFileReference; lastKnownFileType = sourcecode.swift; path = CatCell.swift; sourceTree = "<group>"; };
		2C8972F029254EBF00E6F2A3 /* CatCell.xib */ = {isa = PBXFileReference; lastKnownFileType = file.xib; path = CatCell.xib; sourceTree = "<group>"; };
		2C8972F229254FE100E6F2A3 /* Collection+Extension.swift */ = {isa = PBXFileReference; lastKnownFileType = sourcecode.swift; path = "Collection+Extension.swift"; sourceTree = "<group>"; };
		2C8972F4292552E700E6F2A3 /* CatModel.swift */ = {isa = PBXFileReference; lastKnownFileType = sourcecode.swift; path = CatModel.swift; sourceTree = "<group>"; };
/* End PBXFileReference section */

/* Begin PBXFrameworksBuildPhase section */
		2C8972CF29254AEA00E6F2A3 /* Frameworks */ = {
			isa = PBXFrameworksBuildPhase;
			buildActionMask = 2147483647;
			files = (
			);
			runOnlyForDeploymentPostprocessing = 0;
		};
/* End PBXFrameworksBuildPhase section */

/* Begin PBXGroup section */
		2C8972C929254AEA00E6F2A3 = {
			isa = PBXGroup;
			children = (
				2C8972D429254AEA00E6F2A3 /* DZ19 */,
				2C8972D329254AEA00E6F2A3 /* Products */,
			);
			sourceTree = "<group>";
		};
		2C8972D329254AEA00E6F2A3 /* Products */ = {
			isa = PBXGroup;
			children = (
				2C8972D229254AEA00E6F2A3 /* DZ19.app */,
			);
			name = Products;
			sourceTree = "<group>";
		};
		2C8972D429254AEA00E6F2A3 /* DZ19 */ = {
			isa = PBXGroup;
			children = (
				2C8972D529254AEA00E6F2A3 /* AppDelegate.swift */,
				2C8972D729254AEA00E6F2A3 /* SceneDelegate.swift */,
				2C8972DB29254AEA00E6F2A3 /* Main.storyboard */,
				2C8972D929254AEA00E6F2A3 /* ViewController.swift */,
				2C8972F4292552E700E6F2A3 /* CatModel.swift */,
				2C8972EC29254D0A00E6F2A3 /* CatAdapter.swift */,
				2C8972EE29254E5800E6F2A3 /* CatCell.swift */,
				2C8972F029254EBF00E6F2A3 /* CatCell.xib */,
				2C8972F229254FE100E6F2A3 /* Collection+Extension.swift */,
				2C8972E129254AEB00E6F2A3 /* Assets.xcassets */,
				2C8972E329254AEB00E6F2A3 /* LaunchScreen.storyboard */,
				2C8972E629254AEB00E6F2A3 /* Info.plist */,
			);
			path = DZ19;
			sourceTree = "<group>";
		};
/* End PBXGroup section */

/* Begin PBXNativeTarget section */
		2C8972D129254AEA00E6F2A3 /* DZ19 */ = {
			isa = PBXNativeTarget;
			buildConfigurationList = 2C8972E929254AEB00E6F2A3 /* Build configuration list for PBXNativeTarget "DZ19" */;
			buildPhases = (
				2C8972CE29254AEA00E6F2A3 /* Sources */,
				2C8972CF29254AEA00E6F2A3 /* Frameworks */,
				2C8972D029254AEA00E6F2A3 /* Resources */,
			);
			buildRules = (
			);
			dependencies = (
			);
			name = DZ19;
			productName = DZ19;
			productReference = 2C8972D229254AEA00E6F2A3 /* DZ19.app */;
			productType = "com.apple.product-type.application";
		};
/* End PBXNativeTarget section */

/* Begin PBXProject section */
		2C8972CA29254AEA00E6F2A3 /* Project object */ = {
			isa = PBXProject;
			attributes = {
				BuildIndependentTargetsInParallel = 1;
				LastSwiftUpdateCheck = 1410;
				LastUpgradeCheck = 1410;
				TargetAttributes = {
					2C8972D129254AEA00E6F2A3 = {
						CreatedOnToolsVersion = 14.1;
					};
				};
			};
			buildConfigurationList = 2C8972CD29254AEA00E6F2A3 /* Build configuration list for PBXProject "DZ19" */;
			compatibilityVersion = "Xcode 14.0";
			developmentRegion = en;
			hasScannedForEncodings = 0;
			knownRegions = (
				en,
				Base,
			);
			mainGroup = 2C8972C929254AEA00E6F2A3;
			productRefGroup = 2C8972D329254AEA00E6F2A3 /* Products */;
			projectDirPath = "";
			projectRoot = "";
			targets = (
				2C8972D129254AEA00E6F2A3 /* DZ19 */,
			);
		};
/* End PBXProject section */

/* Begin PBXResourcesBuildPhase section */
		2C8972D029254AEA00E6F2A3 /* Resources */ = {
			isa = PBXResourcesBuildPhase;
			buildActionMask = 2147483647;
			files = (
				2C8972F129254EBF00E6F2A3 /* CatCell.xib in Resources */,
				2C8972E529254AEB00E6F2A3 /* LaunchScreen.storyboard in Resources */,
				2C8972E229254AEB00E6F2A3 /* Assets.xcassets in Resources */,
				2C8972DD29254AEA00E6F2A3 /* Main.storyboard in Resources */,
			);
			runOnlyForDeploymentPostprocessing = 0;
		};
/* End PBXResourcesBuildPhase section */

/* Begin PBXSourcesBuildPhase section */
		2C8972CE29254AEA00E6F2A3 /* Sources */ = {
			isa = PBXSourcesBuildPhase;
			buildActionMask = 2147483647;
			files = (
				2C8972EF29254E5800E6F2A3 /* CatCell.swift in Sources */,
				2C8972F329254FE100E6F2A3 /* Collection+Extension.swift in Sources */,
				2C8972F5292552E700E6F2A3 /* CatModel.swift in Sources */,
				2C8972ED29254D0A00E6F2A3 /* CatAdapter.swift in Sources */,
				2C8972DA29254AEA00E6F2A3 /* ViewController.swift in Sources */,
				2C8972D629254AEA00E6F2A3 /* AppDelegate.swift in Sources */,
				2C8972D829254AEA00E6F2A3 /* SceneDelegate.swift in Sources */,
			);
			runOnlyForDeploymentPostprocessing = 0;
		};
/* End PBXSourcesBuildPhase section */

/* Begin PBXVariantGroup section */
		2C8972DB29254AEA00E6F2A3 /* Main.storyboard */ = {
			isa = PBXVariantGroup;
			children = (
				2C8972DC29254AEA00E6F2A3 /* Base */,
			);
			name = Main.storyboard;
			sourceTree = "<group>";
		};
		2C8972E329254AEB00E6F2A3 /* LaunchScreen.storyboard */ = {
			isa = PBXVariantGroup;
			children = (
				2C8972E429254AEB00E6F2A3 /* Base */,
			);
			name = LaunchScreen.storyboard;
			sourceTree = "<group>";
		};
/* End PBXVariantGroup section */

/* Begin XCBuildConfiguration section */
		2C8972E729254AEB00E6F2A3 /* Debug */ = {
			isa = XCBuildConfiguration;
			buildSettings = {
				ALWAYS_SEARCH_USER_PATHS = NO;
				CLANG_ANALYZER_NONNULL = YES;
				CLANG_ANALYZER_NUMBER_OBJECT_CONVERSION = YES_AGGRESSIVE;
				CLANG_CXX_LANGUAGE_STANDARD = "gnu++20";
				CLANG_ENABLE_MODULES = YES;
				CLANG_ENABLE_OBJC_ARC = YES;
				CLANG_ENABLE_OBJC_WEAK = YES;
				CLANG_WARN_BLOCK_CAPTURE_AUTORELEASING = YES;
				CLANG_WARN_BOOL_CONVERSION = YES;
				CLANG_WARN_COMMA = YES;
				CLANG_WARN_CONSTANT_CONVERSION = YES;
				CLANG_WARN_DEPRECATED_OBJC_IMPLEMENTATIONS = YES;
				CLANG_WARN_DIRECT_OBJC_ISA_USAGE = YES_ERROR;
				CLANG_WARN_DOCUMENTATION_COMMENTS = YES;
				CLANG_WARN_EMPTY_BODY = YES;
				CLANG_WARN_ENUM_CONVERSION = YES;
				CLANG_WARN_INFINITE_RECURSION = YES;
				CLANG_WARN_INT_CONVERSION = YES;
				CLANG_WARN_NON_LITERAL_NULL_CONVERSION = YES;
				CLANG_WARN_OBJC_IMPLICIT_RETAIN_SELF = YES;
				CLANG_WARN_OBJC_LITERAL_CONVERSION = YES;
				CLANG_WARN_OBJC_ROOT_CLASS = YES_ERROR;
				CLANG_WARN_QUOTED_INCLUDE_IN_FRAMEWORK_HEADER = YES;
				CLANG_WARN_RANGE_LOOP_ANALYSIS = YES;
				CLANG_WARN_STRICT_PROTOTYPES = YES;
				CLANG_WARN_SUSPICIOUS_MOVE = YES;
				CLANG_WARN_UNGUARDED_AVAILABILITY = YES_AGGRESSIVE;
				CLANG_WARN_UNREACHABLE_CODE = YES;
				CLANG_WARN__DUPLICATE_METHOD_MATCH = YES;
				COPY_PHASE_STRIP = NO;
				DEBUG_INFORMATION_FORMAT = dwarf;
				ENABLE_STRICT_OBJC_MSGSEND = YES;
				ENABLE_TESTABILITY = YES;
				GCC_C_LANGUAGE_STANDARD = gnu11;
				GCC_DYNAMIC_NO_PIC = NO;
				GCC_NO_COMMON_BLOCKS = YES;
				GCC_OPTIMIZATION_LEVEL = 0;
				GCC_PREPROCESSOR_DEFINITIONS = (
					"DEBUG=1",
					"$(inherited)",
				);
				GCC_WARN_64_TO_32_BIT_CONVERSION = YES;
				GCC_WARN_ABOUT_RETURN_TYPE = YES_ERROR;
				GCC_WARN_UNDECLARED_SELECTOR = YES;
				GCC_WARN_UNINITIALIZED_AUTOS = YES_AGGRESSIVE;
				GCC_WARN_UNUSED_FUNCTION = YES;
				GCC_WARN_UNUSED_VARIABLE = YES;
				IPHONEOS_DEPLOYMENT_TARGET = 16.1;
				MTL_ENABLE_DEBUG_INFO = INCLUDE_SOURCE;
				MTL_FAST_MATH = YES;
				ONLY_ACTIVE_ARCH = YES;
				SDKROOT = iphoneos;
				SWIFT_ACTIVE_COMPILATION_CONDITIONS = DEBUG;
				SWIFT_OPTIMIZATION_LEVEL = "-Onone";
			};
			name = Debug;
		};
		2C8972E829254AEB00E6F2A3 /* Release */ = {
			isa = XCBuildConfiguration;
			buildSettings = {
				ALWAYS_SEARCH_USER_PATHS = NO;
				CLANG_ANALYZER_NONNULL = YES;
				CLANG_ANALYZER_NUMBER_OBJECT_CONVERSION = YES_AGGRESSIVE;
				CLANG_CXX_LANGUAGE_STANDARD = "gnu++20";
				CLANG_ENABLE_MODULES = YES;
				CLANG_ENABLE_OBJC_ARC = YES;
				CLANG_ENABLE_OBJC_WEAK = YES;
				CLANG_WARN_BLOCK_CAPTURE_AUTORELEASING = YES;
				CLANG_WARN_BOOL_CONVERSION = YES;
				CLANG_WARN_COMMA = YES;
				CLANG_WARN_CONSTANT_CONVERSION = YES;
				CLANG_WARN_DEPRECATED_OBJC_IMPLEMENTATIONS = YES;
				CLANG_WARN_DIRECT_OBJC_ISA_USAGE = YES_ERROR;
				CLANG_WARN_DOCUMENTATION_COMMENTS = YES;
				CLANG_WARN_EMPTY_BODY = YES;
				CLANG_WARN_ENUM_CONVERSION = YES;
				CLANG_WARN_INFINITE_RECURSION = YES;
				CLANG_WARN_INT_CONVERSION = YES;
				CLANG_WARN_NON_LITERAL_NULL_CONVERSION = YES;
				CLANG_WARN_OBJC_IMPLICIT_RETAIN_SELF = YES;
				CLANG_WARN_OBJC_LITERAL_CONVERSION = YES;
				CLANG_WARN_OBJC_ROOT_CLASS = YES_ERROR;
				CLANG_WARN_QUOTED_INCLUDE_IN_FRAMEWORK_HEADER = YES;
				CLANG_WARN_RANGE_LOOP_ANALYSIS = YES;
				CLANG_WARN_STRICT_PROTOTYPES = YES;
				CLANG_WARN_SUSPICIOUS_MOVE = YES;
				CLANG_WARN_UNGUARDED_AVAILABILITY = YES_AGGRESSIVE;
				CLANG_WARN_UNREACHABLE_CODE = YES;
				CLANG_WARN__DUPLICATE_METHOD_MATCH = YES;
				COPY_PHASE_STRIP = NO;
				DEBUG_INFORMATION_FORMAT = "dwarf-with-dsym";
				ENABLE_NS_ASSERTIONS = NO;
				ENABLE_STRICT_OBJC_MSGSEND = YES;
				GCC_C_LANGUAGE_STANDARD = gnu11;
				GCC_NO_COMMON_BLOCKS = YES;
				GCC_WARN_64_TO_32_BIT_CONVERSION = YES;
				GCC_WARN_ABOUT_RETURN_TYPE = YES_ERROR;
				GCC_WARN_UNDECLARED_SELECTOR = YES;
				GCC_WARN_UNINITIALIZED_AUTOS = YES_AGGRESSIVE;
				GCC_WARN_UNUSED_FUNCTION = YES;
				GCC_WARN_UNUSED_VARIABLE = YES;
				IPHONEOS_DEPLOYMENT_TARGET = 16.1;
				MTL_ENABLE_DEBUG_INFO = NO;
				MTL_FAST_MATH = YES;
				SDKROOT = iphoneos;
				SWIFT_COMPILATION_MODE = wholemodule;
				SWIFT_OPTIMIZATION_LEVEL = "-O";
				VALIDATE_PRODUCT = YES;
			};
			name = Release;
		};
		2C8972EA29254AEB00E6F2A3 /* Debug */ = {
			isa = XCBuildConfiguration;
			buildSettings = {
				ASSETCATALOG_COMPILER_APPICON_NAME = AppIcon;
				ASSETCATALOG_COMPILER_GLOBAL_ACCENT_COLOR_NAME = AccentColor;
				CODE_SIGN_STYLE = Automatic;
				CURRENT_PROJECT_VERSION = 1;
				DEVELOPMENT_TEAM = J25YA2CZDR;
				GENERATE_INFOPLIST_FILE = YES;
				INFOPLIST_FILE = DZ19/Info.plist;
				INFOPLIST_KEY_UIApplicationSupportsIndirectInputEvents = YES;
				INFOPLIST_KEY_UILaunchStoryboardName = LaunchScreen;
				INFOPLIST_KEY_UIMainStoryboardFile = Main;
				INFOPLIST_KEY_UISupportedInterfaceOrientations_iPad = "UIInterfaceOrientationPortrait UIInterfaceOrientationPortraitUpsideDown UIInterfaceOrientationLandscapeLeft UIInterfaceOrientationLandscapeRight";
				INFOPLIST_KEY_UISupportedInterfaceOrientations_iPhone = "UIInterfaceOrientationPortrait UIInterfaceOrientationLandscapeLeft UIInterfaceOrientationLandscapeRight";
				LD_RUNPATH_SEARCH_PATHS = (
					"$(inherited)",
					"@executable_path/Frameworks",
				);
				MARKETING_VERSION = 1.0;
				PRODUCT_BUNDLE_IDENTIFIER = com.dmitriynikulin.DZ19;
				PRODUCT_NAME = "$(TARGET_NAME)";
				SWIFT_EMIT_LOC_STRINGS = YES;
				SWIFT_VERSION = 5.0;
				TARGETED_DEVICE_FAMILY = "1,2";
			};
			name = Debug;
		};
		2C8972EB29254AEB00E6F2A3 /* Release */ = {
			isa = XCBuildConfiguration;
			buildSettings = {
				ASSETCATALOG_COMPILER_APPICON_NAME = AppIcon;
				ASSETCATALOG_COMPILER_GLOBAL_ACCENT_COLOR_NAME = AccentColor;
				CODE_SIGN_STYLE = Automatic;
				CURRENT_PROJECT_VERSION = 1;
				DEVELOPMENT_TEAM = J25YA2CZDR;
				GENERATE_INFOPLIST_FILE = YES;
				INFOPLIST_FILE = DZ19/Info.plist;
				INFOPLIST_KEY_UIApplicationSupportsIndirectInputEvents = YES;
				INFOPLIST_KEY_UILaunchStoryboardName = LaunchScreen;
				INFOPLIST_KEY_UIMainStoryboardFile = Main;
				INFOPLIST_KEY_UISupportedInterfaceOrientations_iPad = "UIInterfaceOrientationPortrait UIInterfaceOrientationPortraitUpsideDown UIInterfaceOrientationLandscapeLeft UIInterfaceOrientationLandscapeRight";
				INFOPLIST_KEY_UISupportedInterfaceOrientations_iPhone = "UIInterfaceOrientationPortrait UIInterfaceOrientationLandscapeLeft UIInterfaceOrientationLandscapeRight";
				LD_RUNPATH_SEARCH_PATHS = (
					"$(inherited)",
					"@executable_path/Frameworks",
				);
				MARKETING_VERSION = 1.0;
				PRODUCT_BUNDLE_IDENTIFIER = com.dmitriynikulin.DZ19;
				PRODUCT_NAME = "$(TARGET_NAME)";
				SWIFT_EMIT_LOC_STRINGS = YES;
				SWIFT_VERSION = 5.0;
				TARGETED_DEVICE_FAMILY = "1,2";
			};
			name = Release;
		};
/* End XCBuildConfiguration section */

/* Begin XCConfigurationList section */
		2C8972CD29254AEA00E6F2A3 /* Build configuration list for PBXProject "DZ19" */ = {
			isa = XCConfigurationList;
			buildConfigurations = (
				2C8972E729254AEB00E6F2A3 /* Debug */,
				2C8972E829254AEB00E6F2A3 /* Release */,
			);
			defaultConfigurationIsVisible = 0;
			defaultConfigurationName = Release;
		};
		2C8972E929254AEB00E6F2A3 /* Build configuration list for PBXNativeTarget "DZ19" */ = {
			isa = XCConfigurationList;
			buildConfigurations = (
				2C8972EA29254AEB00E6F2A3 /* Debug */,
				2C8972EB29254AEB00E6F2A3 /* Release */,
			);
			defaultConfigurationIsVisible = 0;
			defaultConfigurationName = Release;
		};
/* End XCConfigurationList section */
	};
	rootObject = 2C8972CA29254AEA00E6F2A3 /* Project object */;
}
